github.com/BurntSushi/toml v1.6.0 h1:dRaEfpa2VI55EwlIW72hMRHdWouJeRF7TPYhI+AUQjk=
github.com/BurntSushi/toml v1.6.0/go.mod h1:ukJfTF/6rtPPRCnwkur4qwRxa8vTRFBF0uk2lLoLwho=
github.com/mattn/go-sqlite3 v1.14.50 h1:dmdFvo1XG4MPzA4IkAmE9upVz/Nj31uRoM5+jC8hYbY=
github.com/mattn/go-sqlite3 v1.14.50/go.mod h1:6JTjA44L93a0QCyJef5YvlPoKXntQPjzWv5gtm9sB6w=
